Microsoft Visual Studio Solution File, Format Version 11.00
# Visual Studio 2008

Project("{5CEB2541-3AA2-0912-454F-13483BCCA876}") = "Dude-52", "Assembly-CSharp.csproj", "{36D3D6DC-2FD7-B480-2A8D-F848CADC60E7}"
EndProject
Global
	GlobalSection(SolutionConfigurationPlatforms) = preSolution
		Debug|Any CPU = Debug|Any CPU
		Release|Any CPU = Release|Any CPU
	EndGlobalSection
	GlobalSection(ProjectConfigurationPlatforms) = postSolution
		{36D3D6DC-2FD7-B480-2A8D-F848CADC60E7}.Debug|Any CPU.ActiveCfg = Debug|Any CPU
		{36D3D6DC-2FD7-B480-2A8D-F848CADC60E7}.Debug|Any CPU.Build.0 = Debug|Any CPU
		{36D3D6DC-2FD7-B480-2A8D-F848CADC60E7}.Release|Any CPU.ActiveCfg = Release|Any CPU
		{36D3D6DC-2FD7-B480-2A8D-F848CADC60E7}.Release|Any CPU.Build.0 = Release|Any CPU
	EndGlobalSection
	GlobalSection(SolutionProperties) = preSolution
		HideSolutionNode = FALSE
	EndGlobalSection
	GlobalSection(MonoDevelopProperties) = preSolution
		StartupItem = Assembly-CSharp.csproj
	EndGlobalSection
EndGlobal
